// !$*UTF8*$!
{
	archiveVersion = 1;
	classes = {
	};
	objectVersion = 56;
	objects = {

/* Begin PBXBuildFile section */
		A3654196293CEE510078C280 /* SearchCharacter.swift in Sources */ = {isa = PBXBuildFile; fileRef = A3654195293CEE510078C280 /* SearchCharacter.swift */; };
		A3654198293D0B710078C280 /* DataModel.swift in Sources */ = {isa = PBXBuildFile; fileRef = A3654197293D0B710078C280 /* DataModel.swift */; };
		A38E88E5293CAC8F00E9F95E /* AppDelegate.swift in Sources */ = {isa = PBXBuildFile; fileRef = A38E88E4293CAC8F00E9F95E /* AppDelegate.swift */; };
		A38E88E7293CAC8F00E9F95E /* SceneDelegate.swift in Sources */ = {isa = PBXBuildFile; fileRef = A38E88E6293CAC8F00E9F95E /* SceneDelegate.swift */; };
		A38E88E9293CAC8F00E9F95E /* ViewController.swift in Sources */ = {isa = PBXBuildFile; fileRef = A38E88E8293CAC8F00E9F95E /* ViewController.swift */; };
		A38E88EC293CAC8F00E9F95E /* Main.storyboard in Resources */ = {isa = PBXBuildFile; fileRef = A38E88EA293CAC8F00E9F95E /* Main.storyboard */; };
		A38E88EF293CAC8F00E9F95E /* Rick_and_Morty_UIKit.xcdatamodeld in Sources */ = {isa = PBXBuildFile; fileRef = A38E88ED293CAC8F00E9F95E /* Rick_and_Morty_UIKit.xcdatamodeld */; };
		A38E88F1293CAC9000E9F95E /* Assets.xcassets in Resources */ = {isa = PBXBuildFile; fileRef = A38E88F0293CAC9000E9F95E /* Assets.xcassets */; };
		A38E88F4293CAC9000E9F95E /* LaunchScreen.storyboard in Resources */ = {isa = PBXBuildFile; fileRef = A38E88F2293CAC9000E9F95E /* LaunchScreen.storyboard */; };
		A38E88FC293CB3A400E9F95E /* MainTabBarController.swift in Sources */ = {isa = PBXBuildFile; fileRef = A38E88FB293CB3A400E9F95E /* MainTabBarController.swift */; };
		A38E88FE293CB3C000E9F95E /* NetworkService.swift in Sources */ = {isa = PBXBuildFile; fileRef = A38E88FD293CB3C000E9F95E /* NetworkService.swift */; };
		A38E8901293CB3D500E9F95E /* NetworkDataFetcher.swift in Sources */ = {isa = PBXBuildFile; fileRef = A38E8900293CB3D500E9F95E /* NetworkDataFetcher.swift */; };
		A38E8903293CB42100E9F95E /* CharactersViewController.swift in Sources */ = {isa = PBXBuildFile; fileRef = A38E8902293CB42100E9F95E /* CharactersViewController.swift */; };
		A38E8906293CB44500E9F95E /* PostersCell.swift in Sources */ = {isa = PBXBuildFile; fileRef = A38E8905293CB44500E9F95E /* PostersCell.swift */; };
		A38E8908293CB46900E9F95E /* EpisodesViewController.swift in Sources */ = {isa = PBXBuildFile; fileRef = A38E8907293CB46900E9F95E /* EpisodesViewController.swift */; };
		A38E890B293CB4B900E9F95E /* SearchViewController.swift in Sources */ = {isa = PBXBuildFile; fileRef = A38E890A293CB4B900E9F95E /* SearchViewController.swift */; };
		A38E890E293CB4EA00E9F95E /* FavouritesViewController.swift in Sources */ = {isa = PBXBuildFile; fileRef = A38E890D293CB4EA00E9F95E /* FavouritesViewController.swift */; };
/* End PBXBuildFile section */

/* Begin PBXFileReference section */
		A3654195293CEE510078C280 /* SearchCharacter.swift */ = {isa = PBXFileReference; lastKnownFileType = sourcecode.swift; path = SearchCharacter.swift; sourceTree = "<group>"; };
		A3654197293D0B710078C280 /* DataModel.swift */ = {isa = PBXFileReference; lastKnownFileType = sourcecode.swift; path = DataModel.swift; sourceTree = "<group>"; };
		A38E88E1293CAC8F00E9F95E /* Rick and Morty UIKit.app */ = {isa = PBXFileReference; explicitFileType = wrapper.application; includeInIndex = 0; path = "Rick and Morty UIKit.app"; sourceTree = BUILT_PRODUCTS_DIR; };
		A38E88E4293CAC8F00E9F95E /* AppDelegate.swift */ = {isa = PBXFileReference; lastKnownFileType = sourcecode.swift; path = AppDelegate.swift; sourceTree = "<group>"; };
		A38E88E6293CAC8F00E9F95E /* SceneDelegate.swift */ = {isa = PBXFileReference; lastKnownFileType = sourcecode.swift; path = SceneDelegate.swift; sourceTree = "<group>"; };
		A38E88E8293CAC8F00E9F95E /* ViewController.swift */ = {isa = PBXFileReference; lastKnownFileType = sourcecode.swift; path = ViewController.swift; sourceTree = "<group>"; };
		A38E88EB293CAC8F00E9F95E /* Base */ = {isa = PBXFileReference; lastKnownFileType = file.storyboard; name = Base; path = Base.lproj/Main.storyboard; sourceTree = "<group>"; };
		A38E88EE293CAC8F00E9F95E /* Rick_and_Morty_UIKit.xcdatamodel */ = {isa = PBXFileReference; lastKnownFileType = wrapper.xcdatamodel; path = Rick_and_Morty_UIKit.xcdatamodel; sourceTree = "<group>"; };
		A38E88F0293CAC9000E9F95E /* Assets.xcassets */ = {isa = PBXFileReference; lastKnownFileType = folder.assetcatalog; path = Assets.xcassets; sourceTree = "<group>"; };
		A38E88F3293CAC9000E9F95E /* Base */ = {isa = PBXFileReference; lastKnownFileType = file.storyboard; name = Base; path = Base.lproj/LaunchScreen.storyboard; sourceTree = "<group>"; };
		A38E88F5293CAC9000E9F95E /* Info.plist */ = {isa = PBXFileReference; lastKnownFileType = text.plist.xml; path = Info.plist; sourceTree = "<group>"; };
		A38E88FB293CB3A400E9F95E /* MainTabBarController.swift */ = {isa = PBXFileReference; lastKnownFileType = sourcecode.swift; path = MainTabBarController.swift; sourceTree = "<group>"; };
		A38E88FD293CB3C000E9F95E /* NetworkService.swift */ = {isa = PBXFileReference; lastKnownFileType = sourcecode.swift; path = NetworkService.swift; sourceTree = "<group>"; };
		A38E8900293CB3D500E9F95E /* NetworkDataFetcher.swift */ = {isa = PBXFileReference; lastKnownFileType = sourcecode.swift; path = NetworkDataFetcher.swift; sourceTree = "<group>"; };
		A38E8902293CB42100E9F95E /* CharactersViewController.swift */ = {isa = PBXFileReference; lastKnownFileType = sourcecode.swift; path = CharactersViewController.swift; sourceTree = "<group>"; };
		A38E8905293CB44500E9F95E /* PostersCell.swift */ = {isa = PBXFileReference; lastKnownFileType = sourcecode.swift; path = PostersCell.swift; sourceTree = "<group>"; };
		A38E8907293CB46900E9F95E /* EpisodesViewController.swift */ = {isa = PBXFileReference; lastKnownFileType = sourcecode.swift; path = EpisodesViewController.swift; sourceTree = "<group>"; };
		A38E890A293CB4B900E9F95E /* SearchViewController.swift */ = {isa = PBXFileReference; lastKnownFileType = sourcecode.swift; path = SearchViewController.swift; sourceTree = "<group>"; };
		A38E890D293CB4EA00E9F95E /* FavouritesViewController.swift */ = {isa = PBXFileReference; lastKnownFileType = sourcecode.swift; path = FavouritesViewController.swift; sourceTree = "<group>"; };
/* End PBXFileReference section */

/* Begin PBXFrameworksBuildPhase section */
		A38E88DE293CAC8F00E9F95E /* Frameworks */ = {
			isa = PBXFrameworksBuildPhase;
			buildActionMask = 2147483647;
			files = (
			);
			runOnlyForDeploymentPostprocessing = 0;
		};
/* End PBXFrameworksBuildPhase section */

/* Begin PBXGroup section */
		A3654199293D0B7F0078C280 /* Models */ = {
			isa = PBXGroup;
			children = (
				A3654197293D0B710078C280 /* DataModel.swift */,
			);
			path = Models;
			sourceTree = "<group>";
		};
		A38E88D8293CAC8F00E9F95E = {
			isa = PBXGroup;
			children = (
				A38E88E3293CAC8F00E9F95E /* Rick and Morty UIKit */,
				A38E88E2293CAC8F00E9F95E /* Products */,
			);
			sourceTree = "<group>";
		};
		A38E88E2293CAC8F00E9F95E /* Products */ = {
			isa = PBXGroup;
			children = (
				A38E88E1293CAC8F00E9F95E /* Rick and Morty UIKit.app */,
			);
			name = Products;
			sourceTree = "<group>";
		};
		A38E88E3293CAC8F00E9F95E /* Rick and Morty UIKit */ = {
			isa = PBXGroup;
			children = (
				A38E88E4293CAC8F00E9F95E /* AppDelegate.swift */,
				A38E88E6293CAC8F00E9F95E /* SceneDelegate.swift */,
				A38E88E8293CAC8F00E9F95E /* ViewController.swift */,
				A38E88FB293CB3A400E9F95E /* MainTabBarController.swift */,
				A38E8904293CB42800E9F95E /* Characters */,
				A38E8909293CB47200E9F95E /* Episodes */,
				A38E890C293CB4BE00E9F95E /* Search */,
				A38E890F293CB4EF00E9F95E /* Favourites */,
				A38E88FF293CB3C600E9F95E /* NetworkService */,
				A38E88EA293CAC8F00E9F95E /* Main.storyboard */,
				A38E88F0293CAC9000E9F95E /* Assets.xcassets */,
				A38E88F2293CAC9000E9F95E /* LaunchScreen.storyboard */,
				A38E88F5293CAC9000E9F95E /* Info.plist */,
				A38E88ED293CAC8F00E9F95E /* Rick_and_Morty_UIKit.xcdatamodeld */,
			);
			path = "Rick and Morty UIKit";
			sourceTree = "<group>";
		};
		A38E88FF293CB3C600E9F95E /* NetworkService */ = {
			isa = PBXGroup;
			children = (
				A38E88FD293CB3C000E9F95E /* NetworkService.swift */,
				A3654195293CEE510078C280 /* SearchCharacter.swift */,
				A38E8900293CB3D500E9F95E /* NetworkDataFetcher.swift */,
				A3654199293D0B7F0078C280 /* Models */,
			);
			path = NetworkService;
			sourceTree = "<group>";
		};
		A38E8904293CB42800E9F95E /* Characters */ = {
			isa = PBXGroup;
			children = (
				A38E8902293CB42100E9F95E /* CharactersViewController.swift */,
				A38E8905293CB44500E9F95E /* PostersCell.swift */,
			);
			path = Characters;
			sourceTree = "<group>";
		};
		A38E8909293CB47200E9F95E /* Episodes */ = {
			isa = PBXGroup;
			children = (
				A38E8907293CB46900E9F95E /* EpisodesViewController.swift */,
			);
			path = Episodes;
			sourceTree = "<group>";
		};
		A38E890C293CB4BE00E9F95E /* Search */ = {
			isa = PBXGroup;
			children = (
				A38E890A293CB4B900E9F95E /* SearchViewController.swift */,
			);
			path = Search;
			sourceTree = "<group>";
		};
		A38E890F293CB4EF00E9F95E /* Favourites */ = {
			isa = PBXGroup;
			children = (
				A38E890D293CB4EA00E9F95E /* FavouritesViewController.swift */,
			);
			path = Favourites;
			sourceTree = "<group>";
		};
/* End PBXGroup section */

/* Begin PBXNativeTarget section */
		A38E88E0293CAC8F00E9F95E /* Rick and Morty UIKit */ = {
			isa = PBXNativeTarget;
			buildConfigurationList = A38E88F8293CAC9000E9F95E /* Build configuration list for PBXNativeTarget "Rick and Morty UIKit" */;
			buildPhases = (
				A38E88DD293CAC8F00E9F95E /* Sources */,
				A38E88DE293CAC8F00E9F95E /* Frameworks */,
				A38E88DF293CAC8F00E9F95E /* Resources */,
			);
			buildRules = (
			);
			dependencies = (
			);
			name = "Rick and Morty UIKit";
			productName = "Rick and Morty UIKit";
			productReference = A38E88E1293CAC8F00E9F95E /* Rick and Morty UIKit.app */;
			productType = "com.apple.product-type.application";
		};
/* End PBXNativeTarget section */

/* Begin PBXProject section */
		A38E88D9293CAC8F00E9F95E /* Project object */ = {
			isa = PBXProject;
			attributes = {
				BuildIndependentTargetsInParallel = 1;
				LastSwiftUpdateCheck = 1410;
				LastUpgradeCheck = 1410;
				TargetAttributes = {
					A38E88E0293CAC8F00E9F95E = {
						CreatedOnToolsVersion = 14.1;
					};
				};
			};
			buildConfigurationList = A38E88DC293CAC8F00E9F95E /* Build configuration list for PBXProject "Rick and Morty UIKit" */;
			compatibilityVersion = "Xcode 14.0";
			developmentRegion = en;
			hasScannedForEncodings = 0;
			knownRegions = (
				en,
				Base,
			);
			mainGroup = A38E88D8293CAC8F00E9F95E;
			productRefGroup = A38E88E2293CAC8F00E9F95E /* Products */;
			projectDirPath = "";
			projectRoot = "";
			targets = (
				A38E88E0293CAC8F00E9F95E /* Rick and Morty UIKit */,
			);
		};
/* End PBXProject section */

/* Begin PBXResourcesBuildPhase section */
		A38E88DF293CAC8F00E9F95E /* Resources */ = {
			isa = PBXResourcesBuildPhase;
			buildActionMask = 2147483647;
			files = (
				A38E88F4293CAC9000E9F95E /* LaunchScreen.storyboard in Resources */,
				A38E88F1293CAC9000E9F95E /* Assets.xcassets in Resources */,
				A38E88EC293CAC8F00E9F95E /* Main.storyboard in Resources */,
			);
			runOnlyForDeploymentPostprocessing = 0;
		};
/* End PBXResourcesBuildPhase section */

/* Begin PBXSourcesBuildPhase section */
		A38E88DD293CAC8F00E9F95E /* Sources */ = {
			isa = PBXSourcesBuildPhase;
			buildActionMask = 2147483647;
			files = (
				A38E890E293CB4EA00E9F95E /* FavouritesViewController.swift in Sources */,
				A38E8908293CB46900E9F95E /* EpisodesViewController.swift in Sources */,
				A38E890B293CB4B900E9F95E /* SearchViewController.swift in Sources */,
				A38E8903293CB42100E9F95E /* CharactersViewController.swift in Sources */,
				A38E8901293CB3D500E9F95E /* NetworkDataFetcher.swift in Sources */,
				A38E88E9293CAC8F00E9F95E /* ViewController.swift in Sources */,
				A38E88EF293CAC8F00E9F95E /* Rick_and_Morty_UIKit.xcdatamodeld in Sources */,
				A3654198293D0B710078C280 /* DataModel.swift in Sources */,
				A38E88FC293CB3A400E9F95E /* MainTabBarController.swift in Sources */,
				A38E88E5293CAC8F00E9F95E /* AppDelegate.swift in Sources */,
				A38E88FE293CB3C000E9F95E /* NetworkService.swift in Sources */,
				A38E8906293CB44500E9F95E /* PostersCell.swift in Sources */,
				A3654196293CEE510078C280 /* SearchCharacter.swift in Sources */,
				A38E88E7293CAC8F00E9F95E /* SceneDelegate.swift in Sources */,
			);
			runOnlyForDeploymentPostprocessing = 0;
		};
/* End PBXSourcesBuildPhase section */

/* Begin PBXVariantGroup section */
		A38E88EA293CAC8F00E9F95E /* Main.storyboard */ = {
			isa = PBXVariantGroup;
			children = (
				A38E88EB293CAC8F00E9F95E /* Base */,
			);
			name = Main.storyboard;
			sourceTree = "<group>";
		};
		A38E88F2293CAC9000E9F95E /* LaunchScreen.storyboard */ = {
			isa = PBXVariantGroup;
			children = (
				A38E88F3293CAC9000E9F95E /* Base */,
			);
			name = LaunchScreen.storyboard;
			sourceTree = "<group>";
		};
/* End PBXVariantGroup section */

/* Begin XCBuildConfiguration section */
		A38E88F6293CAC9000E9F95E /* Debug */ = {
			isa = XCBuildConfiguration;
			buildSettings = {
				ALWAYS_SEARCH_USER_PATHS = NO;
				CLANG_ANALYZER_NONNULL = YES;
				CLANG_ANALYZER_NUMBER_OBJECT_CONVERSION = YES_AGGRESSIVE;
				CLANG_CXX_LANGUAGE_STANDARD = "gnu++20";
				CLANG_ENABLE_MODULES = YES;
				CLANG_ENABLE_OBJC_ARC = YES;
				CLANG_ENABLE_OBJC_WEAK = YES;
				CLANG_WARN_BLOCK_CAPTURE_AUTORELEASING = YES;
				CLANG_WARN_BOOL_CONVERSION = YES;
				CLANG_WARN_COMMA = YES;
				CLANG_WARN_CONSTANT_CONVERSION = YES;
				CLANG_WARN_DEPRECATED_OBJC_IMPLEMENTATIONS = YES;
				CLANG_WARN_DIRECT_OBJC_ISA_USAGE = YES_ERROR;
				CLANG_WARN_DOCUMENTATION_COMMENTS = YES;
				CLANG_WARN_EMPTY_BODY = YES;
				CLANG_WARN_ENUM_CONVERSION = YES;
				CLANG_WARN_INFINITE_RECURSION = YES;
				CLANG_WARN_INT_CONVERSION = YES;
				CLANG_WARN_NON_LITERAL_NULL_CONVERSION = YES;
				CLANG_WARN_OBJC_IMPLICIT_RETAIN_SELF = YES;
				CLANG_WARN_OBJC_LITERAL_CONVERSION = YES;
				CLANG_WARN_OBJC_ROOT_CLASS = YES_ERROR;
				CLANG_WARN_QUOTED_INCLUDE_IN_FRAMEWORK_HEADER = YES;
				CLANG_WARN_RANGE_LOOP_ANALYSIS = YES;
				CLANG_WARN_STRICT_PROTOTYPES = YES;
				CLANG_WARN_SUSPICIOUS_MOVE = YES;
				CLANG_WARN_UNGUARDED_AVAILABILITY = YES_AGGRESSIVE;
				CLANG_WARN_UNREACHABLE_CODE = YES;
				CLANG_WARN__DUPLICATE_METHOD_MATCH = YES;
				COPY_PHASE_STRIP = NO;
				DEBUG_INFORMATION_FORMAT = dwarf;
				ENABLE_STRICT_OBJC_MSGSEND = YES;
				ENABLE_TESTABILITY = YES;
				GCC_C_LANGUAGE_STANDARD = gnu11;
				GCC_DYNAMIC_NO_PIC = NO;
				GCC_NO_COMMON_BLOCKS = YES;
				GCC_OPTIMIZATION_LEVEL = 0;
				GCC_PREPROCESSOR_DEFINITIONS = (
					"DEBUG=1",
					"$(inherited)",
				);
				GCC_WARN_64_TO_32_BIT_CONVERSION = YES;
				GCC_WARN_ABOUT_RETURN_TYPE = YES_ERROR;
				GCC_WARN_UNDECLARED_SELECTOR = YES;
				GCC_WARN_UNINITIALIZED_AUTOS = YES_AGGRESSIVE;
				GCC_WARN_UNUSED_FUNCTION = YES;
				GCC_WARN_UNUSED_VARIABLE = YES;
				IPHONEOS_DEPLOYMENT_TARGET = 16.1;
				MTL_ENABLE_DEBUG_INFO = INCLUDE_SOURCE;
				MTL_FAST_MATH = YES;
				ONLY_ACTIVE_ARCH = YES;
				SDKROOT = iphoneos;
				SWIFT_ACTIVE_COMPILATION_CONDITIONS = DEBUG;
				SWIFT_OPTIMIZATION_LEVEL = "-Onone";
			};
			name = Debug;
		};
		A38E88F7293CAC9000E9F95E /* Release */ = {
			isa = XCBuildConfiguration;
			buildSettings = {
				ALWAYS_SEARCH_USER_PATHS = NO;
				CLANG_ANALYZER_NONNULL = YES;
				CLANG_ANALYZER_NUMBER_OBJECT_CONVERSION = YES_AGGRESSIVE;
				CLANG_CXX_LANGUAGE_STANDARD = "gnu++20";
				CLANG_ENABLE_MODULES = YES;
				CLANG_ENABLE_OBJC_ARC = YES;
				CLANG_ENABLE_OBJC_WEAK = YES;
				CLANG_WARN_BLOCK_CAPTURE_AUTORELEASING = YES;
				CLANG_WARN_BOOL_CONVERSION = YES;
				CLANG_WARN_COMMA = YES;
				CLANG_WARN_CONSTANT_CONVERSION = YES;
				CLANG_WARN_DEPRECATED_OBJC_IMPLEMENTATIONS = YES;
				CLANG_WARN_DIRECT_OBJC_ISA_USAGE = YES_ERROR;
				CLANG_WARN_DOCUMENTATION_COMMENTS = YES;
				CLANG_WARN_EMPTY_BODY = YES;
				CLANG_WARN_ENUM_CONVERSION = YES;
				CLANG_WARN_INFINITE_RECURSION = YES;
				CLANG_WARN_INT_CONVERSION = YES;
				CLANG_WARN_NON_LITERAL_NULL_CONVERSION = YES;
				CLANG_WARN_OBJC_IMPLICIT_RETAIN_SELF = YES;
				CLANG_WARN_OBJC_LITERAL_CONVERSION = YES;
				CLANG_WARN_OBJC_ROOT_CLASS = YES_ERROR;
				CLANG_WARN_QUOTED_INCLUDE_IN_FRAMEWORK_HEADER = YES;
				CLANG_WARN_RANGE_LOOP_ANALYSIS = YES;
				CLANG_WARN_STRICT_PROTOTYPES = YES;
				CLANG_WARN_SUSPICIOUS_MOVE = YES;
				CLANG_WARN_UNGUARDED_AVAILABILITY = YES_AGGRESSIVE;
				CLANG_WARN_UNREACHABLE_CODE = YES;
				CLANG_WARN__DUPLICATE_METHOD_MATCH = YES;
				COPY_PHASE_STRIP = NO;
				DEBUG_INFORMATION_FORMAT = "dwarf-with-dsym";
				ENABLE_NS_ASSERTIONS = NO;
				ENABLE_STRICT_OBJC_MSGSEND = YES;
				GCC_C_LANGUAGE_STANDARD = gnu11;
				GCC_NO_COMMON_BLOCKS = YES;
				GCC_WARN_64_TO_32_BIT_CONVERSION = YES;
				GCC_WARN_ABOUT_RETURN_TYPE = YES_ERROR;
				GCC_WARN_UNDECLARED_SELECTOR = YES;
				GCC_WARN_UNINITIALIZED_AUTOS = YES_AGGRESSIVE;
				GCC_WARN_UNUSED_FUNCTION = YES;
				GCC_WARN_UNUSED_VARIABLE = YES;
				IPHONEOS_DEPLOYMENT_TARGET = 16.1;
				MTL_ENABLE_DEBUG_INFO = NO;
				MTL_FAST_MATH = YES;
				SDKROOT = iphoneos;
				SWIFT_COMPILATION_MODE = wholemodule;
				SWIFT_OPTIMIZATION_LEVEL = "-O";
				VALIDATE_PRODUCT = YES;
			};
			name = Release;
		};
		A38E88F9293CAC9000E9F95E /* Debug */ = {
			isa = XCBuildConfiguration;
			buildSettings = {
				ASSETCATALOG_COMPILER_APPICON_NAME = AppIcon;
				ASSETCATALOG_COMPILER_GLOBAL_ACCENT_COLOR_NAME = AccentColor;
				CODE_SIGN_STYLE = Automatic;
				CURRENT_PROJECT_VERSION = 1;
				DEVELOPMENT_TEAM = 8KHYSRJLW7;
				GENERATE_INFOPLIST_FILE = YES;
				INFOPLIST_FILE = "Rick and Morty UIKit/Info.plist";
				INFOPLIST_KEY_CFBundleDisplayName = "Rick and Morty";
				INFOPLIST_KEY_UIApplicationSupportsIndirectInputEvents = YES;
				INFOPLIST_KEY_UILaunchStoryboardName = LaunchScreen;
				INFOPLIST_KEY_UIMainStoryboardFile = Main;
				INFOPLIST_KEY_UISupportedInterfaceOrientations = UIInterfaceOrientationPortrait;
				LD_RUNPATH_SEARCH_PATHS = (
					"$(inherited)",
					"@executable_path/Frameworks",
				);
				MARKETING_VERSION = 1.0;
				PRODUCT_BUNDLE_IDENTIFIER = "developer.Rick-and-Morty-UIKit";
				PRODUCT_NAME = "$(TARGET_NAME)";
				SWIFT_EMIT_LOC_STRINGS = YES;
				SWIFT_VERSION = 5.0;
				TARGETED_DEVICE_FAMILY = "1,2";
			};
			name = Debug;
		};
		A38E88FA293CAC9000E9F95E /* Release */ = {
			isa = XCBuildConfiguration;
			buildSettings = {
				ASSETCATALOG_COMPILER_APPICON_NAME = AppIcon;
				ASSETCATALOG_COMPILER_GLOBAL_ACCENT_COLOR_NAME = AccentColor;
				CODE_SIGN_STYLE = Automatic;
				CURRENT_PROJECT_VERSION = 1;
				DEVELOPMENT_TEAM = 8KHYSRJLW7;
				GENERATE_INFOPLIST_FILE = YES;
				INFOPLIST_FILE = "Rick and Morty UIKit/Info.plist";
				INFOPLIST_KEY_CFBundleDisplayName = "Rick and Morty";
				INFOPLIST_KEY_UIApplicationSupportsIndirectInputEvents = YES;
				INFOPLIST_KEY_UILaunchStoryboardName = LaunchScreen;
				INFOPLIST_KEY_UIMainStoryboardFile = Main;
				INFOPLIST_KEY_UISupportedInterfaceOrientations = UIInterfaceOrientationPortrait;
				LD_RUNPATH_SEARCH_PATHS = (
					"$(inherited)",
					"@executable_path/Frameworks",
				);
				MARKETING_VERSION = 1.0;
				PRODUCT_BUNDLE_IDENTIFIER = "developer.Rick-and-Morty-UIKit";
				PRODUCT_NAME = "$(TARGET_NAME)";
				SWIFT_EMIT_LOC_STRINGS = YES;
				SWIFT_VERSION = 5.0;
				TARGETED_DEVICE_FAMILY = "1,2";
			};
			name = Release;
		};
/* End XCBuildConfiguration section */

/* Begin XCConfigurationList section */
		A38E88DC293CAC8F00E9F95E /* Build configuration list for PBXProject "Rick and Morty UIKit" */ = {
			isa = XCConfigurationList;
			buildConfigurations = (
				A38E88F6293CAC9000E9F95E /* Debug */,
				A38E88F7293CAC9000E9F95E /* Release */,
			);
			defaultConfigurationIsVisible = 0;
			defaultConfigurationName = Release;
		};
		A38E88F8293CAC9000E9F95E /* Build configuration list for PBXNativeTarget "Rick and Morty UIKit" */ = {
			isa = XCConfigurationList;
			buildConfigurations = (
				A38E88F9293CAC9000E9F95E /* Debug */,
				A38E88FA293CAC9000E9F95E /* Release */,
			);
			defaultConfigurationIsVisible = 0;
			defaultConfigurationName = Release;
		};
/* End XCConfigurationList section */

/* Begin XCVersionGroup section */
		A38E88ED293CAC8F00E9F95E /* Rick_and_Morty_UIKit.xcdatamodeld */ = {
			isa = XCVersionGroup;
			children = (
				A38E88EE293CAC8F00E9F95E /* Rick_and_Morty_UIKit.xcdatamodel */,
			);
			currentVersion = A38E88EE293CAC8F00E9F95E /* Rick_and_Morty_UIKit.xcdatamodel */;
			path = Rick_and_Morty_UIKit.xcdatamodeld;
			sourceTree = "<group>";
			versionGroupType = wrapper.xcdatamodel;
		};
/* End XCVersionGroup section */
	};
	rootObject = A38E88D9293CAC8F00E9F95E /* Project object */;
}
